
Microsoft Visual Studio Solution File, Format Version 12.00
# Visual Studio Version 16
VisualStudioVersion = 16.0.30413.136
MinimumVisualStudioVersion = 10.0.40219.1
Project("{2150E333-8FDC-42A3-9474-1A3956D46DE8}") = "src", "src", "{A3C765A6-8F07-4147-A5F5-C656D5D998F2}"
EndProject
Project("{2150E333-8FDC-42A3-9474-1A3956D46DE8}") = "tests", "tests", "{5ED7D94E-07ED-4E6D-8754-5CD7465F0F51}"
	ProjectSection(SolutionItems) = preProject
		..\.gitignore = ..\.gitignore
	EndProjectSection
EndProject
Project("{9A19103F-16F7-4668-BE54-9A1E7A4F7556}") = "StrCalc", "StrCalc\StrCalc.csproj", "{D003EA19-2964-4270-9F44-2144ED3D52EA}"
EndProject
Project("{9A19103F-16F7-4668-BE54-9A1E7A4F7556}") = "StrCalc.Terminal", "StrCalc.Terminal\StrCalc.Terminal.csproj", "{2AF25B64-9D7C-4048-9F7C-F6F8FE942F09}"
EndProject
Project("{9A19103F-16F7-4668-BE54-9A1E7A4F7556}") = "StrCalc.Test", "StrCalc.Calculator.Test\StrCalc.Test.csproj", "{ECA7847B-CAF1-414E-AB66-736E92EBF7B8}"
EndProject
Project("{FAE04EC0-301F-11D3-BF4B-00C04F79EFBC}") = "StrCalc.Web", "StrCalc.Web\StrCalc.Web.csproj", "{2E825FB2-ACF0-47D1-BC84-2AA2B90E4993}"
EndProject
Global
	GlobalSection(SolutionConfigurationPlatforms) = preSolution
		Debug|Any CPU = Debug|Any CPU
		Release|Any CPU = Release|Any CPU
	EndGlobalSection
	GlobalSection(ProjectConfigurationPlatforms) = postSolution
		{D003EA19-2964-4270-9F44-2144ED3D52EA}.Debug|Any CPU.ActiveCfg = Debug|Any CPU
		{D003EA19-2964-4270-9F44-2144ED3D52EA}.Debug|Any CPU.Build.0 = Debug|Any CPU
		{D003EA19-2964-4270-9F44-2144ED3D52EA}.Release|Any CPU.ActiveCfg = Release|Any CPU
		{D003EA19-2964-4270-9F44-2144ED3D52EA}.Release|Any CPU.Build.0 = Release|Any CPU
		{2AF25B64-9D7C-4048-9F7C-F6F8FE942F09}.Debug|Any CPU.ActiveCfg = Debug|Any CPU
		{2AF25B64-9D7C-4048-9F7C-F6F8FE942F09}.Debug|Any CPU.Build.0 = Debug|Any CPU
		{2AF25B64-9D7C-4048-9F7C-F6F8FE942F09}.Release|Any CPU.ActiveCfg = Release|Any CPU
		{2AF25B64-9D7C-4048-9F7C-F6F8FE942F09}.Release|Any CPU.Build.0 = Release|Any CPU
		{ECA7847B-CAF1-414E-AB66-736E92EBF7B8}.Debug|Any CPU.ActiveCfg = Debug|Any CPU
		{ECA7847B-CAF1-414E-AB66-736E92EBF7B8}.Debug|Any CPU.Build.0 = Debug|Any CPU
		{ECA7847B-CAF1-414E-AB66-736E92EBF7B8}.Release|Any CPU.ActiveCfg = Release|Any CPU
		{ECA7847B-CAF1-414E-AB66-736E92EBF7B8}.Release|Any CPU.Build.0 = Release|Any CPU
		{2E825FB2-ACF0-47D1-BC84-2AA2B90E4993}.Debug|Any CPU.ActiveCfg = Debug|Any CPU
		{2E825FB2-ACF0-47D1-BC84-2AA2B90E4993}.Debug|Any CPU.Build.0 = Debug|Any CPU
		{2E825FB2-ACF0-47D1-BC84-2AA2B90E4993}.Release|Any CPU.ActiveCfg = Release|Any CPU
		{2E825FB2-ACF0-47D1-BC84-2AA2B90E4993}.Release|Any CPU.Build.0 = Release|Any CPU
	EndGlobalSection
	GlobalSection(SolutionProperties) = preSolution
		HideSolutionNode = FALSE
	EndGlobalSection
	GlobalSection(NestedProjects) = preSolution
		{D003EA19-2964-4270-9F44-2144ED3D52EA} = {A3C765A6-8F07-4147-A5F5-C656D5D998F2}
		{2AF25B64-9D7C-4048-9F7C-F6F8FE942F09} = {A3C765A6-8F07-4147-A5F5-C656D5D998F2}
		{ECA7847B-CAF1-414E-AB66-736E92EBF7B8} = {5ED7D94E-07ED-4E6D-8754-5CD7465F0F51}
		{2E825FB2-ACF0-47D1-BC84-2AA2B90E4993} = {A3C765A6-8F07-4147-A5F5-C656D5D998F2}
	EndGlobalSection
	GlobalSection(ExtensibilityGlobals) = postSolution
		SolutionGuid = {EC0E6920-DB7B-435C-975E-7352D1637FA4}
	EndGlobalSection
EndGlobal
